
Microsoft Visual Studio Solution File, Format Version 12.00
# Visual Studio 15
VisualStudioVersion = 15.0.28010.2003
MinimumVisualStudioVersion = 10.0.40219.1
Project("{FAE04EC0-301F-11D3-BF4B-00C04F79EFBC}") = "Compilla", "Compilla\Compilla.csproj", "{B3407992-25B3-4A47-B5B7-89239A3722DF}"
EndProject
Global
	GlobalSection(SolutionConfigurationPlatforms) = preSolution
		Debug|Any CPU = Debug|Any CPU
		Release|Any CPU = Release|Any CPU
	EndGlobalSection
	GlobalSection(ProjectConfigurationPlatforms) = postSolution
		{B3407992-25B3-4A47-B5B7-89239A3722DF}.Debug|Any CPU.ActiveCfg = Debug|Any CPU
		{B3407992-25B3-4A47-B5B7-89239A3722DF}.Debug|Any CPU.Build.0 = Debug|Any CPU
		{B3407992-25B3-4A47-B5B7-89239A3722DF}.Release|Any CPU.ActiveCfg = Release|Any CPU
		{B3407992-25B3-4A47-B5B7-89239A3722DF}.Release|Any CPU.Build.0 = Release|Any CPU
	EndGlobalSection
	GlobalSection(SolutionProperties) = preSolution
		HideSolutionNode = FALSE
	EndGlobalSection
	GlobalSection(ExtensibilityGlobals) = postSolution
		SolutionGuid = {8ED7CB66-AF33-41D0-892C-69A0B5A71453}
	EndGlobalSection
EndGlobal
